{
  "pins" : [
    {
      "identity" : "fscalendar",
      "kind" : "remoteSourceControl",
      "location" : "https://github.com/WenchaoD/FSCalendar.git",
      "state" : {
        "revision" : "0fbdec5172fccb90f707472eeaea4ffe095278f6",
        "version" : "2.8.4"
      }
    },
    {
      "identity" : "iqkeyboardmanager",
      "kind" : "remoteSourceControl",
      "location" : "https://github.com/hackiftekhar/IQKeyboardManager.git",
      "state" : {
        "branch" : "master",
        "revision" : "0ea3febb36cfcec2afb5841fd8809a9c0fa545b3"
      }
    },
    {
      "identity" : "qrealmmanagerpackage",
      "kind" : "remoteSourceControl",
      "location" : "https://github.com/lexuanquynh/QRealmManagerPackage.git",
      "state" : {
        "revision" : "758d76a79e4aba3ea4373b1f92e3b1e45e86cef1",
        "version" : "0.0.4"
      }
    },
    {
      "identity" : "realm-core",
      "kind" : "remoteSourceControl",
      "location" : "https://github.com/realm/realm-core.git",
      "state" : {
        "revision" : "f1434caadda443b4ed2261b91ea4f43ab1ee2aa5",
        "version" : "13.15.1"
      }
    },
    {
      "identity" : "realm-swift",
      "kind" : "remoteSourceControl",
      "location" : "https://github.com/realm/realm-swift",
      "state" : {
        "revision" : "b287dc102036ff425bd8a88483f0a5596871f05e",
        "version" : "10.41.0"
      }
    },
    {
      "identity" : "svpulltorefresh",
      "kind" : "remoteSourceControl",
      "location" : "https://github.com/HieuTV279/SVPullToRefresh",
      "state" : {
        "branch" : "main",
        "revision" : "c65fb6660655cef3faff2ba1f54e9b564bea2813"
      }
    },
    {
      "identity" : "swiftdate",
      "kind" : "remoteSourceControl",
      "location" : "https://github.com/malcommac/SwiftDate",
      "state" : {
        "revision" : "5d943224c3bb173e6ecf27295611615eba90c80e",
        "version" : "7.0.0"
      }
    },
    {
      "identity" : "swinject",
      "kind" : "remoteSourceControl",
      "location" : "https://github.com/Swinject/Swinject",
      "state" : {
        "revision" : "8bc503e60965298984fb58cf47b71c541449fe2a",
        "version" : "2.8.3"
      }
    }
  ],
  "version" : 2
}
